
Microsoft Visual Studio Solution File, Format Version 12.00
# Visual Studio Version 17
VisualStudioVersion = 17.11.35222.181
MinimumVisualStudioVersion = 10.0.40219.1
Project("{9A19103F-16F7-4668-BE54-9A1E7A4F7556}") = "AI Sorter", "AI Sorter\AI Sorter.csproj", "{CBD3B8DB-FF44-4C55-90D6-08C8D3C19003}"
EndProject
Project("{9A19103F-16F7-4668-BE54-9A1E7A4F7556}") = "AI Sorter Backend", "AI Sorter Backend\AI Sorter Backend.csproj", "{04A59ABA-DD97-45FA-974D-261C0810CF76}"
Global
	GlobalSection(SolutionConfigurationPlatforms) = preSolution
		Debug|Any CPU = Debug|Any CPU
		Release|Any CPU = Release|Any CPU
	EndGlobalSection
	GlobalSection(ProjectConfigurationPlatforms) = postSolution
		{CBD3B8DB-FF44-4C55-90D6-08C8D3C19003}.Debug|Any CPU.ActiveCfg = Debug|Any CPU
		{CBD3B8DB-FF44-4C55-90D6-08C8D3C19003}.Debug|Any CPU.Build.0 = Debug|Any CPU
		{CBD3B8DB-FF44-4C55-90D6-08C8D3C19003}.Release|Any CPU.ActiveCfg = Release|Any CPU
		{CBD3B8DB-FF44-4C55-90D6-08C8D3C19003}.Release|Any CPU.Build.0 = Release|Any CPU
		{04A59ABA-DD97-45FA-974D-261C0810CF76}.Debug|Any CPU.ActiveCfg = Debug|Any CPU
		{04A59ABA-DD97-45FA-974D-261C0810CF76}.Debug|Any CPU.Build.0 = Debug|Any CPU
		{04A59ABA-DD97-45FA-974D-261C0810CF76}.Release|Any CPU.ActiveCfg = Release|Any CPU
		{04A59ABA-DD97-45FA-974D-261C0810CF76}.Release|Any CPU.Build.0 = Release|Any CPU
	EndGlobalSection
	GlobalSection(SolutionProperties) = preSolution
		HideSolutionNode = FALSE
	EndGlobalSection
	GlobalSection(ExtensibilityGlobals) = postSolution
		SolutionGuid = {B5757B7B-377C-4C50-AF13-1F9472CEFEBA}
	EndGlobalSection
EndGlobal
